// !$*UTF8*$!
{
	archiveVersion = 1;
	classes = {
	};
	objectVersion = 50;
	objects = {

/* Begin PBXBuildFile section */
		36AA3D1F25620CEA006F2580 /* AppDelegate.swift in Sources */ = {isa = PBXBuildFile; fileRef = 36AA3D1E25620CEA006F2580 /* AppDelegate.swift */; };
		36AA3D2125620CEA006F2580 /* SceneDelegate.swift in Sources */ = {isa = PBXBuildFile; fileRef = 36AA3D2025620CEA006F2580 /* SceneDelegate.swift */; };
		36AA3D2325620CEA006F2580 /* ViewController.swift in Sources */ = {isa = PBXBuildFile; fileRef = 36AA3D2225620CEA006F2580 /* ViewController.swift */; };
		36AA3D2625620CEA006F2580 /* Main.storyboard in Resources */ = {isa = PBXBuildFile; fileRef = 36AA3D2425620CEA006F2580 /* Main.storyboard */; };
		36AA3D2825620CEB006F2580 /* Assets.xcassets in Resources */ = {isa = PBXBuildFile; fileRef = 36AA3D2725620CEB006F2580 /* Assets.xcassets */; };
		36AA3D2B25620CEB006F2580 /* LaunchScreen.storyboard in Resources */ = {isa = PBXBuildFile; fileRef = 36AA3D2925620CEB006F2580 /* LaunchScreen.storyboard */; };
		36AA3D372562102A006F2580 /* CloudKit.framework in Frameworks */ = {isa = PBXBuildFile; fileRef = 36AA3D362562102A006F2580 /* CloudKit.framework */; };
/* End PBXBuildFile section */

/* Begin PBXFileReference section */
		36AA3D1B25620CEA006F2580 /* iOS-CloudKit-PushNotification-Example.app */ = {isa = PBXFileReference; explicitFileType = wrapper.application; includeInIndex = 0; path = "iOS-CloudKit-PushNotification-Example.app"; sourceTree = BUILT_PRODUCTS_DIR; };
		36AA3D1E25620CEA006F2580 /* AppDelegate.swift */ = {isa = PBXFileReference; lastKnownFileType = sourcecode.swift; path = AppDelegate.swift; sourceTree = "<group>"; };
		36AA3D2025620CEA006F2580 /* SceneDelegate.swift */ = {isa = PBXFileReference; lastKnownFileType = sourcecode.swift; path = SceneDelegate.swift; sourceTree = "<group>"; };
		36AA3D2225620CEA006F2580 /* ViewController.swift */ = {isa = PBXFileReference; lastKnownFileType = sourcecode.swift; path = ViewController.swift; sourceTree = "<group>"; };
		36AA3D2525620CEA006F2580 /* Base */ = {isa = PBXFileReference; lastKnownFileType = file.storyboard; name = Base; path = Base.lproj/Main.storyboard; sourceTree = "<group>"; };
		36AA3D2725620CEB006F2580 /* Assets.xcassets */ = {isa = PBXFileReference; lastKnownFileType = folder.assetcatalog; path = Assets.xcassets; sourceTree = "<group>"; };
		36AA3D2A25620CEB006F2580 /* Base */ = {isa = PBXFileReference; lastKnownFileType = file.storyboard; name = Base; path = Base.lproj/LaunchScreen.storyboard; sourceTree = "<group>"; };
		36AA3D2C25620CEB006F2580 /* Info.plist */ = {isa = PBXFileReference; lastKnownFileType = text.plist.xml; path = Info.plist; sourceTree = "<group>"; };
		36AA3D332562101F006F2580 /* iOS-CloudKit-PushNotification-Example.entitlements */ = {isa = PBXFileReference; lastKnownFileType = text.plist.entitlements; path = "iOS-CloudKit-PushNotification-Example.entitlements"; sourceTree = "<group>"; };
		36AA3D362562102A006F2580 /* CloudKit.framework */ = {isa = PBXFileReference; lastKnownFileType = wrapper.framework; name = CloudKit.framework; path = System/Library/Frameworks/CloudKit.framework; sourceTree = SDKROOT; };
/* End PBXFileReference section */

/* Begin PBXFrameworksBuildPhase section */
		36AA3D1825620CEA006F2580 /* Frameworks */ = {
			isa = PBXFrameworksBuildPhase;
			buildActionMask = 2147483647;
			files = (
				36AA3D372562102A006F2580 /* CloudKit.framework in Frameworks */,
			);
			runOnlyForDeploymentPostprocessing = 0;
		};
/* End PBXFrameworksBuildPhase section */

/* Begin PBXGroup section */
		36AA3D1225620CEA006F2580 = {
			isa = PBXGroup;
			children = (
				36AA3D1D25620CEA006F2580 /* iOS-CloudKit-PushNotification-Example */,
				36AA3D1C25620CEA006F2580 /* Products */,
				36AA3D352562102A006F2580 /* Frameworks */,
			);
			sourceTree = "<group>";
		};
		36AA3D1C25620CEA006F2580 /* Products */ = {
			isa = PBXGroup;
			children = (
				36AA3D1B25620CEA006F2580 /* iOS-CloudKit-PushNotification-Example.app */,
			);
			name = Products;
			sourceTree = "<group>";
		};
		36AA3D1D25620CEA006F2580 /* iOS-CloudKit-PushNotification-Example */ = {
			isa = PBXGroup;
			children = (
				36AA3D332562101F006F2580 /* iOS-CloudKit-PushNotification-Example.entitlements */,
				36AA3D1E25620CEA006F2580 /* AppDelegate.swift */,
				36AA3D2025620CEA006F2580 /* SceneDelegate.swift */,
				36AA3D2225620CEA006F2580 /* ViewController.swift */,
				36AA3D2425620CEA006F2580 /* Main.storyboard */,
				36AA3D2725620CEB006F2580 /* Assets.xcassets */,
				36AA3D2925620CEB006F2580 /* LaunchScreen.storyboard */,
				36AA3D2C25620CEB006F2580 /* Info.plist */,
			);
			path = "iOS-CloudKit-PushNotification-Example";
			sourceTree = "<group>";
		};
		36AA3D352562102A006F2580 /* Frameworks */ = {
			isa = PBXGroup;
			children = (
				36AA3D362562102A006F2580 /* CloudKit.framework */,
			);
			name = Frameworks;
			sourceTree = "<group>";
		};
/* End PBXGroup section */

/* Begin PBXNativeTarget section */
		36AA3D1A25620CEA006F2580 /* iOS-CloudKit-PushNotification-Example */ = {
			isa = PBXNativeTarget;
			buildConfigurationList = 36AA3D2F25620CEB006F2580 /* Build configuration list for PBXNativeTarget "iOS-CloudKit-PushNotification-Example" */;
			buildPhases = (
				36AA3D1725620CEA006F2580 /* Sources */,
				36AA3D1825620CEA006F2580 /* Frameworks */,
				36AA3D1925620CEA006F2580 /* Resources */,
			);
			buildRules = (
			);
			dependencies = (
			);
			name = "iOS-CloudKit-PushNotification-Example";
			productName = "iOS-CloudKit-PushNotification-Example";
			productReference = 36AA3D1B25620CEA006F2580 /* iOS-CloudKit-PushNotification-Example.app */;
			productType = "com.apple.product-type.application";
		};
/* End PBXNativeTarget section */

/* Begin PBXProject section */
		36AA3D1325620CEA006F2580 /* Project object */ = {
			isa = PBXProject;
			attributes = {
				LastSwiftUpdateCheck = 1210;
				LastUpgradeCheck = 1210;
				TargetAttributes = {
					36AA3D1A25620CEA006F2580 = {
						CreatedOnToolsVersion = 12.1;
					};
				};
			};
			buildConfigurationList = 36AA3D1625620CEA006F2580 /* Build configuration list for PBXProject "iOS-CloudKit-PushNotification-Example" */;
			compatibilityVersion = "Xcode 9.3";
			developmentRegion = en;
			hasScannedForEncodings = 0;
			knownRegions = (
				en,
				Base,
			);
			mainGroup = 36AA3D1225620CEA006F2580;
			productRefGroup = 36AA3D1C25620CEA006F2580 /* Products */;
			projectDirPath = "";
			projectRoot = "";
			targets = (
				36AA3D1A25620CEA006F2580 /* iOS-CloudKit-PushNotification-Example */,
			);
		};
/* End PBXProject section */

/* Begin PBXResourcesBuildPhase section */
		36AA3D1925620CEA006F2580 /* Resources */ = {
			isa = PBXResourcesBuildPhase;
			buildActionMask = 2147483647;
			files = (
				36AA3D2B25620CEB006F2580 /* LaunchScreen.storyboard in Resources */,
				36AA3D2825620CEB006F2580 /* Assets.xcassets in Resources */,
				36AA3D2625620CEA006F2580 /* Main.storyboard in Resources */,
			);
			runOnlyForDeploymentPostprocessing = 0;
		};
/* End PBXResourcesBuildPhase section */

/* Begin PBXSourcesBuildPhase section */
		36AA3D1725620CEA006F2580 /* Sources */ = {
			isa = PBXSourcesBuildPhase;
			buildActionMask = 2147483647;
			files = (
				36AA3D2325620CEA006F2580 /* ViewController.swift in Sources */,
				36AA3D1F25620CEA006F2580 /* AppDelegate.swift in Sources */,
				36AA3D2125620CEA006F2580 /* SceneDelegate.swift in Sources */,
			);
			runOnlyForDeploymentPostprocessing = 0;
		};
/* End PBXSourcesBuildPhase section */

/* Begin PBXVariantGroup section */
		36AA3D2425620CEA006F2580 /* Main.storyboard */ = {
			isa = PBXVariantGroup;
			children = (
				36AA3D2525620CEA006F2580 /* Base */,
			);
			name = Main.storyboard;
			sourceTree = "<group>";
		};
		36AA3D2925620CEB006F2580 /* LaunchScreen.storyboard */ = {
			isa = PBXVariantGroup;
			children = (
				36AA3D2A25620CEB006F2580 /* Base */,
			);
			name = LaunchScreen.storyboard;
			sourceTree = "<group>";
		};
/* End PBXVariantGroup section */

/* Begin XCBuildConfiguration section */
		36AA3D2D25620CEB006F2580 /* Debug */ = {
			isa = XCBuildConfiguration;
			buildSettings = {
				ALWAYS_SEARCH_USER_PATHS = NO;
				CLANG_ANALYZER_NONNULL = YES;
				CLANG_ANALYZER_NUMBER_OBJECT_CONVERSION = YES_AGGRESSIVE;
				CLANG_CXX_LANGUAGE_STANDARD = "gnu++14";
				CLANG_CXX_LIBRARY = "libc++";
				CLANG_ENABLE_MODULES = YES;
				CLANG_ENABLE_OBJC_ARC = YES;
				CLANG_ENABLE_OBJC_WEAK = YES;
				CLANG_WARN_BLOCK_CAPTURE_AUTORELEASING = YES;
				CLANG_WARN_BOOL_CONVERSION = YES;
				CLANG_WARN_COMMA = YES;
				CLANG_WARN_CONSTANT_CONVERSION = YES;
				CLANG_WARN_DEPRECATED_OBJC_IMPLEMENTATIONS = YES;
				CLANG_WARN_DIRECT_OBJC_ISA_USAGE = YES_ERROR;
				CLANG_WARN_DOCUMENTATION_COMMENTS = YES;
				CLANG_WARN_EMPTY_BODY = YES;
				CLANG_WARN_ENUM_CONVERSION = YES;
				CLANG_WARN_INFINITE_RECURSION = YES;
				CLANG_WARN_INT_CONVERSION = YES;
				CLANG_WARN_NON_LITERAL_NULL_CONVERSION = YES;
				CLANG_WARN_OBJC_IMPLICIT_RETAIN_SELF = YES;
				CLANG_WARN_OBJC_LITERAL_CONVERSION = YES;
				CLANG_WARN_OBJC_ROOT_CLASS = YES_ERROR;
				CLANG_WARN_QUOTED_INCLUDE_IN_FRAMEWORK_HEADER = YES;
				CLANG_WARN_RANGE_LOOP_ANALYSIS = YES;
				CLANG_WARN_STRICT_PROTOTYPES = YES;
				CLANG_WARN_SUSPICIOUS_MOVE = YES;
				CLANG_WARN_UNGUARDED_AVAILABILITY = YES_AGGRESSIVE;
				CLANG_WARN_UNREACHABLE_CODE = YES;
				CLANG_WARN__DUPLICATE_METHOD_MATCH = YES;
				COPY_PHASE_STRIP = NO;
				DEBUG_INFORMATION_FORMAT = dwarf;
				ENABLE_STRICT_OBJC_MSGSEND = YES;
				ENABLE_TESTABILITY = YES;
				GCC_C_LANGUAGE_STANDARD = gnu11;
				GCC_DYNAMIC_NO_PIC = NO;
				GCC_NO_COMMON_BLOCKS = YES;
				GCC_OPTIMIZATION_LEVEL = 0;
				GCC_PREPROCESSOR_DEFINITIONS = (
					"DEBUG=1",
					"$(inherited)",
				);
				GCC_WARN_64_TO_32_BIT_CONVERSION = YES;
				GCC_WARN_ABOUT_RETURN_TYPE = YES_ERROR;
				GCC_WARN_UNDECLARED_SELECTOR = YES;
				GCC_WARN_UNINITIALIZED_AUTOS = YES_AGGRESSIVE;
				GCC_WARN_UNUSED_FUNCTION = YES;
				GCC_WARN_UNUSED_VARIABLE = YES;
				IPHONEOS_DEPLOYMENT_TARGET = 14.1;
				MTL_ENABLE_DEBUG_INFO = INCLUDE_SOURCE;
				MTL_FAST_MATH = YES;
				ONLY_ACTIVE_ARCH = YES;
				SDKROOT = iphoneos;
				SWIFT_ACTIVE_COMPILATION_CONDITIONS = DEBUG;
				SWIFT_OPTIMIZATION_LEVEL = "-Onone";
			};
			name = Debug;
		};
		36AA3D2E25620CEB006F2580 /* Release */ = {
			isa = XCBuildConfiguration;
			buildSettings = {
				ALWAYS_SEARCH_USER_PATHS = NO;
				CLANG_ANALYZER_NONNULL = YES;
				CLANG_ANALYZER_NUMBER_OBJECT_CONVERSION = YES_AGGRESSIVE;
				CLANG_CXX_LANGUAGE_STANDARD = "gnu++14";
				CLANG_CXX_LIBRARY = "libc++";
				CLANG_ENABLE_MODULES = YES;
				CLANG_ENABLE_OBJC_ARC = YES;
				CLANG_ENABLE_OBJC_WEAK = YES;
				CLANG_WARN_BLOCK_CAPTURE_AUTORELEASING = YES;
				CLANG_WARN_BOOL_CONVERSION = YES;
				CLANG_WARN_COMMA = YES;
				CLANG_WARN_CONSTANT_CONVERSION = YES;
				CLANG_WARN_DEPRECATED_OBJC_IMPLEMENTATIONS = YES;
				CLANG_WARN_DIRECT_OBJC_ISA_USAGE = YES_ERROR;
				CLANG_WARN_DOCUMENTATION_COMMENTS = YES;
				CLANG_WARN_EMPTY_BODY = YES;
				CLANG_WARN_ENUM_CONVERSION = YES;
				CLANG_WARN_INFINITE_RECURSION = YES;
				CLANG_WARN_INT_CONVERSION = YES;
				CLANG_WARN_NON_LITERAL_NULL_CONVERSION = YES;
				CLANG_WARN_OBJC_IMPLICIT_RETAIN_SELF = YES;
				CLANG_WARN_OBJC_LITERAL_CONVERSION = YES;
				CLANG_WARN_OBJC_ROOT_CLASS = YES_ERROR;
				CLANG_WARN_QUOTED_INCLUDE_IN_FRAMEWORK_HEADER = YES;
				CLANG_WARN_RANGE_LOOP_ANALYSIS = YES;
				CLANG_WARN_STRICT_PROTOTYPES = YES;
				CLANG_WARN_SUSPICIOUS_MOVE = YES;
				CLANG_WARN_UNGUARDED_AVAILABILITY = YES_AGGRESSIVE;
				CLANG_WARN_UNREACHABLE_CODE = YES;
				CLANG_WARN__DUPLICATE_METHOD_MATCH = YES;
				COPY_PHASE_STRIP = NO;
				DEBUG_INFORMATION_FORMAT = "dwarf-with-dsym";
				ENABLE_NS_ASSERTIONS = NO;
				ENABLE_STRICT_OBJC_MSGSEND = YES;
				GCC_C_LANGUAGE_STANDARD = gnu11;
				GCC_NO_COMMON_BLOCKS = YES;
				GCC_WARN_64_TO_32_BIT_CONVERSION = YES;
				GCC_WARN_ABOUT_RETURN_TYPE = YES_ERROR;
				GCC_WARN_UNDECLARED_SELECTOR = YES;
				GCC_WARN_UNINITIALIZED_AUTOS = YES_AGGRESSIVE;
				GCC_WARN_UNUSED_FUNCTION = YES;
				GCC_WARN_UNUSED_VARIABLE = YES;
				IPHONEOS_DEPLOYMENT_TARGET = 14.1;
				MTL_ENABLE_DEBUG_INFO = NO;
				MTL_FAST_MATH = YES;
				SDKROOT = iphoneos;
				SWIFT_COMPILATION_MODE = wholemodule;
				SWIFT_OPTIMIZATION_LEVEL = "-O";
				VALIDATE_PRODUCT = YES;
			};
			name = Release;
		};
		36AA3D3025620CEB006F2580 /* Debug */ = {
			isa = XCBuildConfiguration;
			buildSettings = {
				ASSETCATALOG_COMPILER_APPICON_NAME = AppIcon;
				ASSETCATALOG_COMPILER_GLOBAL_ACCENT_COLOR_NAME = AccentColor;
				CODE_SIGN_ENTITLEMENTS = "iOS-CloudKit-PushNotification-Example/iOS-CloudKit-PushNotification-Example.entitlements";
				CODE_SIGN_STYLE = Automatic;
				DEVELOPMENT_TEAM = 73TW42T8UJ;
				INFOPLIST_FILE = "iOS-CloudKit-PushNotification-Example/Info.plist";
				LD_RUNPATH_SEARCH_PATHS = (
					"$(inherited)",
					"@executable_path/Frameworks",
				);
				PRODUCT_BUNDLE_IDENTIFIER = "www.khilman.com.iOS-CloudKit-PushNotification-Example";
				PRODUCT_NAME = "$(TARGET_NAME)";
				SWIFT_VERSION = 5.0;
				TARGETED_DEVICE_FAMILY = "1,2";
			};
			name = Debug;
		};
		36AA3D3125620CEB006F2580 /* Release */ = {
			isa = XCBuildConfiguration;
			buildSettings = {
				ASSETCATALOG_COMPILER_APPICON_NAME = AppIcon;
				ASSETCATALOG_COMPILER_GLOBAL_ACCENT_COLOR_NAME = AccentColor;
				CODE_SIGN_ENTITLEMENTS = "iOS-CloudKit-PushNotification-Example/iOS-CloudKit-PushNotification-Example.entitlements";
				CODE_SIGN_STYLE = Automatic;
				DEVELOPMENT_TEAM = 73TW42T8UJ;
				INFOPLIST_FILE = "iOS-CloudKit-PushNotification-Example/Info.plist";
				LD_RUNPATH_SEARCH_PATHS = (
					"$(inherited)",
					"@executable_path/Frameworks",
				);
				PRODUCT_BUNDLE_IDENTIFIER = "www.khilman.com.iOS-CloudKit-PushNotification-Example";
				PRODUCT_NAME = "$(TARGET_NAME)";
				SWIFT_VERSION = 5.0;
				TARGETED_DEVICE_FAMILY = "1,2";
			};
			name = Release;
		};
/* End XCBuildConfiguration section */

/* Begin XCConfigurationList section */
		36AA3D1625620CEA006F2580 /* Build configuration list for PBXProject "iOS-CloudKit-PushNotification-Example" */ = {
			isa = XCConfigurationList;
			buildConfigurations = (
				36AA3D2D25620CEB006F2580 /* Debug */,
				36AA3D2E25620CEB006F2580 /* Release */,
			);
			defaultConfigurationIsVisible = 0;
			defaultConfigurationName = Release;
		};
		36AA3D2F25620CEB006F2580 /* Build configuration list for PBXNativeTarget "iOS-CloudKit-PushNotification-Example" */ = {
			isa = XCConfigurationList;
			buildConfigurations = (
				36AA3D3025620CEB006F2580 /* Debug */,
				36AA3D3125620CEB006F2580 /* Release */,
			);
			defaultConfigurationIsVisible = 0;
			defaultConfigurationName = Release;
		};
/* End XCConfigurationList section */
	};
	rootObject = 36AA3D1325620CEA006F2580 /* Project object */;
}
